// !$*UTF8*$!
{
	archiveVersion = 1;
	classes = {
	};
	objectVersion = 46;
	objects = {

/* Begin PBXBuildFile section */
		DC311ACE18668B65001BCDB2 /* Foundation.framework in Frameworks */ = {isa = PBXBuildFile; fileRef = DC311ACD18668B65001BCDB2 /* Foundation.framework */; };
		DC311AD018668B65001BCDB2 /* CoreGraphics.framework in Frameworks */ = {isa = PBXBuildFile; fileRef = DC311ACF18668B65001BCDB2 /* CoreGraphics.framework */; };
		DC311AD218668B65001BCDB2 /* UIKit.framework in Frameworks */ = {isa = PBXBuildFile; fileRef = DC311AD118668B65001BCDB2 /* UIKit.framework */; };
		DC311AD818668B65001BCDB2 /* InfoPlist.strings in Resources */ = {isa = PBXBuildFile; fileRef = DC311AD618668B65001BCDB2 /* InfoPlist.strings */; };
		DC311ADA18668B65001BCDB2 /* main.m in Sources */ = {isa = PBXBuildFile; fileRef = DC311AD918668B65001BCDB2 /* main.m */; };
		DC311ADE18668B65001BCDB2 /* TADAppDelegate.m in Sources */ = {isa = PBXBuildFile; fileRef = DC311ADD18668B65001BCDB2 /* TADAppDelegate.m */; };
		DC311AE118668B65001BCDB2 /* Main_iPhone.storyboard in Resources */ = {isa = PBXBuildFile; fileRef = DC311ADF18668B65001BCDB2 /* Main_iPhone.storyboard */; };
		DC311AE418668B65001BCDB2 /* Main_iPad.storyboard in Resources */ = {isa = PBXBuildFile; fileRef = DC311AE218668B65001BCDB2 /* Main_iPad.storyboard */; };
		DC311AE718668B65001BCDB2 /* TADViewController.m in Sources */ = {isa = PBXBuildFile; fileRef = DC311AE618668B65001BCDB2 /* TADViewController.m */; };
		DC311AE918668B65001BCDB2 /* Images.xcassets in Resources */ = {isa = PBXBuildFile; fileRef = DC311AE818668B65001BCDB2 /* Images.xcassets */; };
		DC311AF018668B65001BCDB2 /* XCTest.framework in Frameworks */ = {isa = PBXBuildFile; fileRef = DC311AEF18668B65001BCDB2 /* XCTest.framework */; };
		DC311AF118668B65001BCDB2 /* Foundation.framework in Frameworks */ = {isa = PBXBuildFile; fileRef = DC311ACD18668B65001BCDB2 /* Foundation.framework */; };
		DC311AF218668B65001BCDB2 /* UIKit.framework in Frameworks */ = {isa = PBXBuildFile; fileRef = DC311AD118668B65001BCDB2 /* UIKit.framework */; };
		DC311AFA18668B65001BCDB2 /* InfoPlist.strings in Resources */ = {isa = PBXBuildFile; fileRef = DC311AF818668B65001BCDB2 /* InfoPlist.strings */; };
		DC311AFC18668B65001BCDB2 /* TESTanadigTests.m in Sources */ = {isa = PBXBuildFile; fileRef = DC311AFB18668B65001BCDB2 /* TESTanadigTests.m */; };
		DC311B0718669DC0001BCDB2 /* TADAnalogClock.m in Sources */ = {isa = PBXBuildFile; fileRef = DC311B0618669DC0001BCDB2 /* TADAnalogClock.m */; };
		DC311B0A18669DE8001BCDB2 /* TADDigit-AnalogClocksController.m in Sources */ = {isa = PBXBuildFile; fileRef = DC311B0918669DE8001BCDB2 /* TADDigit-AnalogClocksController.m */; };
		DC311B1F1866CD2E001BCDB2 /* UIView+Animate.m in Sources */ = {isa = PBXBuildFile; fileRef = DC311B1E1866CD2E001BCDB2 /* UIView+Animate.m */; };
		DC3B749A1E062D1E00DD0A5B /* Default-568h@2x.png in Resources */ = {isa = PBXBuildFile; fileRef = DC3B74991E062D1E00DD0A5B /* Default-568h@2x.png */; };
/* End PBXBuildFile section */

/* Begin PBXContainerItemProxy section */
		DC311AF318668B65001BCDB2 /* PBXContainerItemProxy */ = {
			isa = PBXContainerItemProxy;
			containerPortal = DC311AC218668B65001BCDB2 /* Project object */;
			proxyType = 1;
			remoteGlobalIDString = DC311AC918668B65001BCDB2;
			remoteInfo = TESTanadig;
		};
/* End PBXContainerItemProxy section */

/* Begin PBXFileReference section */
		DC311ACA18668B65001BCDB2 /* TESTanadig.app */ = {isa = PBXFileReference; explicitFileType = wrapper.application; includeInIndex = 0; path = TESTanadig.app; sourceTree = BUILT_PRODUCTS_DIR; };
		DC311ACD18668B65001BCDB2 /* Foundation.framework */ = {isa = PBXFileReference; lastKnownFileType = wrapper.framework; name = Foundation.framework; path = System/Library/Frameworks/Foundation.framework; sourceTree = SDKROOT; };
		DC311ACF18668B65001BCDB2 /* CoreGraphics.framework */ = {isa = PBXFileReference; lastKnownFileType = wrapper.framework; name = CoreGraphics.framework; path = System/Library/Frameworks/CoreGraphics.framework; sourceTree = SDKROOT; };
		DC311AD118668B65001BCDB2 /* UIKit.framework */ = {isa = PBXFileReference; lastKnownFileType = wrapper.framework; name = UIKit.framework; path = System/Library/Frameworks/UIKit.framework; sourceTree = SDKROOT; };
		DC311AD518668B65001BCDB2 /* TESTanadig-Info.plist */ = {isa = PBXFileReference; lastKnownFileType = text.plist.xml; path = "TESTanadig-Info.plist"; sourceTree = "<group>"; };
		DC311AD718668B65001BCDB2 /* en */ = {isa = PBXFileReference; lastKnownFileType = text.plist.strings; name = en; path = en.lproj/InfoPlist.strings; sourceTree = "<group>"; };
		DC311AD918668B65001BCDB2 /* main.m */ = {isa = PBXFileReference; lastKnownFileType = sourcecode.c.objc; path = main.m; sourceTree = "<group>"; };
		DC311ADB18668B65001BCDB2 /* TESTanadig-Prefix.pch */ = {isa = PBXFileReference; lastKnownFileType = sourcecode.c.h; path = "TESTanadig-Prefix.pch"; sourceTree = "<group>"; };
		DC311ADC18668B65001BCDB2 /* TADAppDelegate.h */ = {isa = PBXFileReference; lastKnownFileType = sourcecode.c.h; path = TADAppDelegate.h; sourceTree = "<group>"; };
		DC311ADD18668B65001BCDB2 /* TADAppDelegate.m */ = {isa = PBXFileReference; lastKnownFileType = sourcecode.c.objc; path = TADAppDelegate.m; sourceTree = "<group>"; };
		DC311AE018668B65001BCDB2 /* Base */ = {isa = PBXFileReference; lastKnownFileType = file.storyboard; name = Base; path = Base.lproj/Main_iPhone.storyboard; sourceTree = "<group>"; };
		DC311AE318668B65001BCDB2 /* Base */ = {isa = PBXFileReference; lastKnownFileType = file.storyboard; name = Base; path = Base.lproj/Main_iPad.storyboard; sourceTree = "<group>"; };
		DC311AE518668B65001BCDB2 /* TADViewController.h */ = {isa = PBXFileReference; lastKnownFileType = sourcecode.c.h; path = TADViewController.h; sourceTree = "<group>"; };
		DC311AE618668B65001BCDB2 /* TADViewController.m */ = {isa = PBXFileReference; lastKnownFileType = sourcecode.c.objc; path = TADViewController.m; sourceTree = "<group>"; };
		DC311AE818668B65001BCDB2 /* Images.xcassets */ = {isa = PBXFileReference; lastKnownFileType = folder.assetcatalog; path = Images.xcassets; sourceTree = "<group>"; };
		DC311AEE18668B65001BCDB2 /* TESTanadigTests.xctest */ = {isa = PBXFileReference; explicitFileType = wrapper.cfbundle; includeInIndex = 0; path = TESTanadigTests.xctest; sourceTree = BUILT_PRODUCTS_DIR; };
		DC311AEF18668B65001BCDB2 /* XCTest.framework */ = {isa = PBXFileReference; lastKnownFileType = wrapper.framework; name = XCTest.framework; path = Library/Frameworks/XCTest.framework; sourceTree = DEVELOPER_DIR; };
		DC311AF718668B65001BCDB2 /* TESTanadigTests-Info.plist */ = {isa = PBXFileReference; lastKnownFileType = text.plist.xml; path = "TESTanadigTests-Info.plist"; sourceTree = "<group>"; };
		DC311AF918668B65001BCDB2 /* en */ = {isa = PBXFileReference; lastKnownFileType = text.plist.strings; name = en; path = en.lproj/InfoPlist.strings; sourceTree = "<group>"; };
		DC311AFB18668B65001BCDB2 /* TESTanadigTests.m */ = {isa = PBXFileReference; lastKnownFileType = sourcecode.c.objc; path = TESTanadigTests.m; sourceTree = "<group>"; };
		DC311B0518669DC0001BCDB2 /* TADAnalogClock.h */ = {isa = PBXFileReference; fileEncoding = 4; lastKnownFileType = sourcecode.c.h; path = TADAnalogClock.h; sourceTree = "<group>"; };
		DC311B0618669DC0001BCDB2 /* TADAnalogClock.m */ = {isa = PBXFileReference; fileEncoding = 4; lastKnownFileType = sourcecode.c.objc; path = TADAnalogClock.m; sourceTree = "<group>"; };
		DC311B0818669DE8001BCDB2 /* TADDigit-AnalogClocksController.h */ = {isa = PBXFileReference; fileEncoding = 4; lastKnownFileType = sourcecode.c.h; path = "TADDigit-AnalogClocksController.h"; sourceTree = "<group>"; };
		DC311B0918669DE8001BCDB2 /* TADDigit-AnalogClocksController.m */ = {isa = PBXFileReference; fileEncoding = 4; lastKnownFileType = sourcecode.c.objc; path = "TADDigit-AnalogClocksController.m"; sourceTree = "<group>"; };
		DC311B1D1866CD2E001BCDB2 /* UIView+Animate.h */ = {isa = PBXFileReference; fileEncoding = 4; lastKnownFileType = sourcecode.c.h; path = "UIView+Animate.h"; sourceTree = "<group>"; };
		DC311B1E1866CD2E001BCDB2 /* UIView+Animate.m */ = {isa = PBXFileReference; fileEncoding = 4; lastKnownFileType = sourcecode.c.objc; path = "UIView+Animate.m"; sourceTree = "<group>"; };
		DC3B74991E062D1E00DD0A5B /* Default-568h@2x.png */ = {isa = PBXFileReference; lastKnownFileType = image.png; path = "Default-568h@2x.png"; sourceTree = "<group>"; };
/* End PBXFileReference section */

/* Begin PBXFrameworksBuildPhase section */
		DC311AC718668B65001BCDB2 /* Frameworks */ = {
			isa = PBXFrameworksBuildPhase;
			buildActionMask = 2147483647;
			files = (
				DC311AD018668B65001BCDB2 /* CoreGraphics.framework in Frameworks */,
				DC311AD218668B65001BCDB2 /* UIKit.framework in Frameworks */,
				DC311ACE18668B65001BCDB2 /* Foundation.framework in Frameworks */,
			);
			runOnlyForDeploymentPostprocessing = 0;
		};
		DC311AEB18668B65001BCDB2 /* Frameworks */ = {
			isa = PBXFrameworksBuildPhase;
			buildActionMask = 2147483647;
			files = (
				DC311AF018668B65001BCDB2 /* XCTest.framework in Frameworks */,
				DC311AF218668B65001BCDB2 /* UIKit.framework in Frameworks */,
				DC311AF118668B65001BCDB2 /* Foundation.framework in Frameworks */,
			);
			runOnlyForDeploymentPostprocessing = 0;
		};
/* End PBXFrameworksBuildPhase section */

/* Begin PBXGroup section */
		DC311AC118668B65001BCDB2 = {
			isa = PBXGroup;
			children = (
				DC3B74991E062D1E00DD0A5B /* Default-568h@2x.png */,
				DC311AD318668B65001BCDB2 /* TESTanadig */,
				DC311AF518668B65001BCDB2 /* TESTanadigTests */,
				DC311ACC18668B65001BCDB2 /* Frameworks */,
				DC311ACB18668B65001BCDB2 /* Products */,
			);
			sourceTree = "<group>";
		};
		DC311ACB18668B65001BCDB2 /* Products */ = {
			isa = PBXGroup;
			children = (
				DC311ACA18668B65001BCDB2 /* TESTanadig.app */,
				DC311AEE18668B65001BCDB2 /* TESTanadigTests.xctest */,
			);
			name = Products;
			sourceTree = "<group>";
		};
		DC311ACC18668B65001BCDB2 /* Frameworks */ = {
			isa = PBXGroup;
			children = (
				DC311ACD18668B65001BCDB2 /* Foundation.framework */,
				DC311ACF18668B65001BCDB2 /* CoreGraphics.framework */,
				DC311AD118668B65001BCDB2 /* UIKit.framework */,
				DC311AEF18668B65001BCDB2 /* XCTest.framework */,
			);
			name = Frameworks;
			sourceTree = "<group>";
		};
		DC311AD318668B65001BCDB2 /* TESTanadig */ = {
			isa = PBXGroup;
			children = (
				DC311ADC18668B65001BCDB2 /* TADAppDelegate.h */,
				DC311ADD18668B65001BCDB2 /* TADAppDelegate.m */,
				DC311B1C1866BA4E001BCDB2 /* Storyboard */,
				DC311AE518668B65001BCDB2 /* TADViewController.h */,
				DC311AE618668B65001BCDB2 /* TADViewController.m */,
				DC311B0818669DE8001BCDB2 /* TADDigit-AnalogClocksController.h */,
				DC311B0918669DE8001BCDB2 /* TADDigit-AnalogClocksController.m */,
				DC311B0518669DC0001BCDB2 /* TADAnalogClock.h */,
				DC311B0618669DC0001BCDB2 /* TADAnalogClock.m */,
				DC311AE818668B65001BCDB2 /* Images.xcassets */,
				DC311AD418668B65001BCDB2 /* Supporting Files */,
				DC311B1D1866CD2E001BCDB2 /* UIView+Animate.h */,
				DC311B1E1866CD2E001BCDB2 /* UIView+Animate.m */,
			);
			path = TESTanadig;
			sourceTree = "<group>";
		};
		DC311AD418668B65001BCDB2 /* Supporting Files */ = {
			isa = PBXGroup;
			children = (
				DC311AD518668B65001BCDB2 /* TESTanadig-Info.plist */,
				DC311AD618668B65001BCDB2 /* InfoPlist.strings */,
				DC311AD918668B65001BCDB2 /* main.m */,
				DC311ADB18668B65001BCDB2 /* TESTanadig-Prefix.pch */,
			);
			name = "Supporting Files";
			sourceTree = "<group>";
		};
		DC311AF518668B65001BCDB2 /* TESTanadigTests */ = {
			isa = PBXGroup;
			children = (
				DC311AFB18668B65001BCDB2 /* TESTanadigTests.m */,
				DC311AF618668B65001BCDB2 /* Supporting Files */,
			);
			path = TESTanadigTests;
			sourceTree = "<group>";
		};
		DC311AF618668B65001BCDB2 /* Supporting Files */ = {
			isa = PBXGroup;
			children = (
				DC311AF718668B65001BCDB2 /* TESTanadigTests-Info.plist */,
				DC311AF818668B65001BCDB2 /* InfoPlist.strings */,
			);
			name = "Supporting Files";
			sourceTree = "<group>";
		};
		DC311B1C1866BA4E001BCDB2 /* Storyboard */ = {
			isa = PBXGroup;
			children = (
				DC311ADF18668B65001BCDB2 /* Main_iPhone.storyboard */,
				DC311AE218668B65001BCDB2 /* Main_iPad.storyboard */,
			);
			name = Storyboard;
			sourceTree = "<group>";
		};
/* End PBXGroup section */

/* Begin PBXNativeTarget section */
		DC311AC918668B65001BCDB2 /* TESTanadig */ = {
			isa = PBXNativeTarget;
			buildConfigurationList = DC311AFF18668B65001BCDB2 /* Build configuration list for PBXNativeTarget "TESTanadig" */;
			buildPhases = (
				DC311AC618668B65001BCDB2 /* Sources */,
				DC311AC718668B65001BCDB2 /* Frameworks */,
				DC311AC818668B65001BCDB2 /* Resources */,
			);
			buildRules = (
			);
			dependencies = (
			);
			name = TESTanadig;
			productName = TESTanadig;
			productReference = DC311ACA18668B65001BCDB2 /* TESTanadig.app */;
			productType = "com.apple.product-type.application";
		};
		DC311AED18668B65001BCDB2 /* TESTanadigTests */ = {
			isa = PBXNativeTarget;
			buildConfigurationList = DC311B0218668B65001BCDB2 /* Build configuration list for PBXNativeTarget "TESTanadigTests" */;
			buildPhases = (
				DC311AEA18668B65001BCDB2 /* Sources */,
				DC311AEB18668B65001BCDB2 /* Frameworks */,
				DC311AEC18668B65001BCDB2 /* Resources */,
			);
			buildRules = (
			);
			dependencies = (
				DC311AF418668B65001BCDB2 /* PBXTargetDependency */,
			);
			name = TESTanadigTests;
			productName = TESTanadigTests;
			productReference = DC311AEE18668B65001BCDB2 /* TESTanadigTests.xctest */;
			productType = "com.apple.product-type.bundle.unit-test";
		};
/* End PBXNativeTarget section */

/* Begin PBXProject section */
		DC311AC218668B65001BCDB2 /* Project object */ = {
			isa = PBXProject;
			attributes = {
				CLASSPREFIX = TAD;
				LastUpgradeCheck = 0820;
				ORGANIZATIONNAME = "Iron Sheep Productions, LLC";
				TargetAttributes = {
					DC311AC918668B65001BCDB2 = {
						DevelopmentTeam = T67FW2JCJW;
					};
					DC311AED18668B65001BCDB2 = {
						TestTargetID = DC311AC918668B65001BCDB2;
					};
				};
			};
			buildConfigurationList = DC311AC518668B65001BCDB2 /* Build configuration list for PBXProject "TESTanadig" */;
			compatibilityVersion = "Xcode 3.2";
			developmentRegion = English;
			hasScannedForEncodings = 0;
			knownRegions = (
				en,
				Base,
			);
			mainGroup = DC311AC118668B65001BCDB2;
			productRefGroup = DC311ACB18668B65001BCDB2 /* Products */;
			projectDirPath = "";
			projectRoot = "";
			targets = (
				DC311AC918668B65001BCDB2 /* TESTanadig */,
				DC311AED18668B65001BCDB2 /* TESTanadigTests */,
			);
		};
/* End PBXProject section */

/* Begin PBXResourcesBuildPhase section */
		DC311AC818668B65001BCDB2 /* Resources */ = {
			isa = PBXResourcesBuildPhase;
			buildActionMask = 2147483647;
			files = (
				DC311AE418668B65001BCDB2 /* Main_iPad.storyboard in Resources */,
				DC311AE918668B65001BCDB2 /* Images.xcassets in Resources */,
				DC311AE118668B65001BCDB2 /* Main_iPhone.storyboard in Resources */,
				DC3B749A1E062D1E00DD0A5B /* Default-568h@2x.png in Resources */,
				DC311AD818668B65001BCDB2 /* InfoPlist.strings in Resources */,
			);
			runOnlyForDeploymentPostprocessing = 0;
		};
		DC311AEC18668B65001BCDB2 /* Resources */ = {
			isa = PBXResourcesBuildPhase;
			buildActionMask = 2147483647;
			files = (
				DC311AFA18668B65001BCDB2 /* InfoPlist.strings in Resources */,
			);
			runOnlyForDeploymentPostprocessing = 0;
		};
/* End PBXResourcesBuildPhase section */

/* Begin PBXSourcesBuildPhase section */
		DC311AC618668B65001BCDB2 /* Sources */ = {
			isa = PBXSourcesBuildPhase;
			buildActionMask = 2147483647;
			files = (
				DC311B1F1866CD2E001BCDB2 /* UIView+Animate.m in Sources */,
				DC311B0A18669DE8001BCDB2 /* TADDigit-AnalogClocksController.m in Sources */,
				DC311ADE18668B65001BCDB2 /* TADAppDelegate.m in Sources */,
				DC311ADA18668B65001BCDB2 /* main.m in Sources */,
				DC311B0718669DC0001BCDB2 /* TADAnalogClock.m in Sources */,
				DC311AE718668B65001BCDB2 /* TADViewController.m in Sources */,
			);
			runOnlyForDeploymentPostprocessing = 0;
		};
		DC311AEA18668B65001BCDB2 /* Sources */ = {
			isa = PBXSourcesBuildPhase;
			buildActionMask = 2147483647;
			files = (
				DC311AFC18668B65001BCDB2 /* TESTanadigTests.m in Sources */,
			);
			runOnlyForDeploymentPostprocessing = 0;
		};
/* End PBXSourcesBuildPhase section */

/* Begin PBXTargetDependency section */
		DC311AF418668B65001BCDB2 /* PBXTargetDependency */ = {
			isa = PBXTargetDependency;
			target = DC311AC918668B65001BCDB2 /* TESTanadig */;
			targetProxy = DC311AF318668B65001BCDB2 /* PBXContainerItemProxy */;
		};
/* End PBXTargetDependency section */

/* Begin PBXVariantGroup section */
		DC311AD618668B65001BCDB2 /* InfoPlist.strings */ = {
			isa = PBXVariantGroup;
			children = (
				DC311AD718668B65001BCDB2 /* en */,
			);
			name = InfoPlist.strings;
			sourceTree = "<group>";
		};
		DC311ADF18668B65001BCDB2 /* Main_iPhone.storyboard */ = {
			isa = PBXVariantGroup;
			children = (
				DC311AE018668B65001BCDB2 /* Base */,
			);
			name = Main_iPhone.storyboard;
			sourceTree = "<group>";
		};
		DC311AE218668B65001BCDB2 /* Main_iPad.storyboard */ = {
			isa = PBXVariantGroup;
			children = (
				DC311AE318668B65001BCDB2 /* Base */,
			);
			name = Main_iPad.storyboard;
			sourceTree = "<group>";
		};
		DC311AF818668B65001BCDB2 /* InfoPlist.strings */ = {
			isa = PBXVariantGroup;
			children = (
				DC311AF918668B65001BCDB2 /* en */,
			);
			name = InfoPlist.strings;
			sourceTree = "<group>";
		};
/* End PBXVariantGroup section */

/* Begin XCBuildConfiguration section */
		DC311AFD18668B65001BCDB2 /* Debug */ = {
			isa = XCBuildConfiguration;
			buildSettings = {
				ALWAYS_SEARCH_USER_PATHS = NO;
				CLANG_CXX_LANGUAGE_STANDARD = "gnu++0x";
				CLANG_CXX_LIBRARY = "libc++";
				CLANG_ENABLE_MODULES = YES;
				CLANG_ENABLE_OBJC_ARC = YES;
				CLANG_WARN_BOOL_CONVERSION = YES;
				CLANG_WARN_CONSTANT_CONVERSION = YES;
				CLANG_WARN_DIRECT_OBJC_ISA_USAGE = YES_ERROR;
				CLANG_WARN_EMPTY_BODY = YES;
				CLANG_WARN_ENUM_CONVERSION = YES;
				CLANG_WARN_INFINITE_RECURSION = YES;
				CLANG_WARN_INT_CONVERSION = YES;
				CLANG_WARN_OBJC_ROOT_CLASS = YES_ERROR;
				CLANG_WARN_SUSPICIOUS_MOVE = YES;
				CLANG_WARN_UNREACHABLE_CODE = YES;
				CLANG_WARN__DUPLICATE_METHOD_MATCH = YES;
				"CODE_SIGN_IDENTITY[sdk=iphoneos*]" = "iPhone Developer";
				COPY_PHASE_STRIP = NO;
				ENABLE_STRICT_OBJC_MSGSEND = YES;
				ENABLE_TESTABILITY = YES;
				GCC_C_LANGUAGE_STANDARD = gnu99;
				GCC_DYNAMIC_NO_PIC = NO;
				GCC_NO_COMMON_BLOCKS = YES;
				GCC_OPTIMIZATION_LEVEL = 0;
				GCC_PREPROCESSOR_DEFINITIONS = (
					"DEBUG=1",
					"$(inherited)",
				);
				GCC_SYMBOLS_PRIVATE_EXTERN = NO;
				GCC_WARN_64_TO_32_BIT_CONVERSION = YES;
				GCC_WARN_ABOUT_RETURN_TYPE = YES_ERROR;
				GCC_WARN_UNDECLARED_SELECTOR = YES;
				GCC_WARN_UNINITIALIZED_AUTOS = YES;
				GCC_WARN_UNUSED_FUNCTION = YES;
				GCC_WARN_UNUSED_VARIABLE = YES;
				IPHONEOS_DEPLOYMENT_TARGET = 9.0;
				ONLY_ACTIVE_ARCH = YES;
				SDKROOT = iphoneos;
				TARGETED_DEVICE_FAMILY = "1,2";
			};
			name = Debug;
		};
		DC311AFE18668B65001BCDB2 /* Release */ = {
			isa = XCBuildConfiguration;
			buildSettings = {
				ALWAYS_SEARCH_USER_PATHS = NO;
				CLANG_CXX_LANGUAGE_STANDARD = "gnu++0x";
				CLANG_CXX_LIBRARY = "libc++";
				CLANG_ENABLE_MODULES = YES;
				CLANG_ENABLE_OBJC_ARC = YES;
				CLANG_WARN_BOOL_CONVERSION = YES;
				CLANG_WARN_CONSTANT_CONVERSION = YES;
				CLANG_WARN_DIRECT_OBJC_ISA_USAGE = YES_ERROR;
				CLANG_WARN_EMPTY_BODY = YES;
				CLANG_WARN_ENUM_CONVERSION = YES;
				CLANG_WARN_INFINITE_RECURSION = YES;
				CLANG_WARN_INT_CONVERSION = YES;
				CLANG_WARN_OBJC_ROOT_CLASS = YES_ERROR;
				CLANG_WARN_SUSPICIOUS_MOVE = YES;
				CLANG_WARN_UNREACHABLE_CODE = YES;
				CLANG_WARN__DUPLICATE_METHOD_MATCH = YES;
				"CODE_SIGN_IDENTITY[sdk=iphoneos*]" = "iPhone Developer";
				COPY_PHASE_STRIP = YES;
				ENABLE_NS_ASSERTIONS = NO;
				ENABLE_STRICT_OBJC_MSGSEND = YES;
				GCC_C_LANGUAGE_STANDARD = gnu99;
				GCC_NO_COMMON_BLOCKS = YES;
				GCC_WARN_64_TO_32_BIT_CONVERSION = YES;
				GCC_WARN_ABOUT_RETURN_TYPE = YES_ERROR;
				GCC_WARN_UNDECLARED_SELECTOR = YES;
				GCC_WARN_UNINITIALIZED_AUTOS = YES;
				GCC_WARN_UNUSED_FUNCTION = YES;
				GCC_WARN_UNUSED_VARIABLE = YES;
				IPHONEOS_DEPLOYMENT_TARGET = 9.0;
				SDKROOT = iphoneos;
				TARGETED_DEVICE_FAMILY = "1,2";
				VALIDATE_PRODUCT = YES;
			};
			name = Release;
		};
		DC311B0018668B65001BCDB2 /* Debug */ = {
			isa = XCBuildConfiguration;
			buildSettings = {
				ASSETCATALOG_COMPILER_APPICON_NAME = AppIcon;
				CODE_SIGN_IDENTITY = "iPhone Developer";
				GCC_PRECOMPILE_PREFIX_HEADER = YES;
				GCC_PREFIX_HEADER = "TESTanadig/TESTanadig-Prefix.pch";
				INFOPLIST_FILE = "TESTanadig/TESTanadig-Info.plist";
				IPHONEOS_DEPLOYMENT_TARGET = 9.0;
				PRODUCT_BUNDLE_IDENTIFIER = "biz.ironsheep.${PRODUCT_NAME:rfc1034identifier}";
				PRODUCT_NAME = "$(TARGET_NAME)";
				WRAPPER_EXTENSION = app;
			};
			name = Debug;
		};
		DC311B0118668B65001BCDB2 /* Release */ = {
			isa = XCBuildConfiguration;
			buildSettings = {
				ASSETCATALOG_COMPILER_APPICON_NAME = AppIcon;
				CODE_SIGN_IDENTITY = "iPhone Developer";
				GCC_PRECOMPILE_PREFIX_HEADER = YES;
				GCC_PREFIX_HEADER = "TESTanadig/TESTanadig-Prefix.pch";
				INFOPLIST_FILE = "TESTanadig/TESTanadig-Info.plist";
				IPHONEOS_DEPLOYMENT_TARGET = 9.0;
				PRODUCT_BUNDLE_IDENTIFIER = "biz.ironsheep.${PRODUCT_NAME:rfc1034identifier}";
				PRODUCT_NAME = "$(TARGET_NAME)";
				WRAPPER_EXTENSION = app;
			};
			name = Release;
		};
		DC311B0318668B65001BCDB2 /* Debug */ = {
			isa = XCBuildConfiguration;
			buildSettings = {
				BUNDLE_LOADER = "$(BUILT_PRODUCTS_DIR)/TESTanadig.app/TESTanadig";
				FRAMEWORK_SEARCH_PATHS = (
					"$(SDKROOT)/Developer/Library/Frameworks",
					"$(inherited)",
					"$(DEVELOPER_FRAMEWORKS_DIR)",
				);
				GCC_PRECOMPILE_PREFIX_HEADER = YES;
				GCC_PREFIX_HEADER = "TESTanadig/TESTanadig-Prefix.pch";
				GCC_PREPROCESSOR_DEFINITIONS = (
					"DEBUG=1",
					"$(inherited)",
				);
				INFOPLIST_FILE = "TESTanadigTests/TESTanadigTests-Info.plist";
				PRODUCT_BUNDLE_IDENTIFIER = "biz.ironsheep.${PRODUCT_NAME:rfc1034identifier}";
				PRODUCT_NAME = "$(TARGET_NAME)";
				TEST_HOST = "$(BUNDLE_LOADER)";
				WRAPPER_EXTENSION = xctest;
			};
			name = Debug;
		};
		DC311B0418668B65001BCDB2 /* Release */ = {
			isa = XCBuildConfiguration;
			buildSettings = {
				BUNDLE_LOADER = "$(BUILT_PRODUCTS_DIR)/TESTanadig.app/TESTanadig";
				FRAMEWORK_SEARCH_PATHS = (
					"$(SDKROOT)/Developer/Library/Frameworks",
					"$(inherited)",
					"$(DEVELOPER_FRAMEWORKS_DIR)",
				);
				GCC_PRECOMPILE_PREFIX_HEADER = YES;
				GCC_PREFIX_HEADER = "TESTanadig/TESTanadig-Prefix.pch";
				INFOPLIST_FILE = "TESTanadigTests/TESTanadigTests-Info.plist";
				PRODUCT_BUNDLE_IDENTIFIER = "biz.ironsheep.${PRODUCT_NAME:rfc1034identifier}";
				PRODUCT_NAME = "$(TARGET_NAME)";
				TEST_HOST = "$(BUNDLE_LOADER)";
				WRAPPER_EXTENSION = xctest;
			};
			name = Release;
		};
/* End XCBuildConfiguration section */

/* Begin XCConfigurationList section */
		DC311AC518668B65001BCDB2 /* Build configuration list for PBXProject "TESTanadig" */ = {
			isa = XCConfigurationList;
			buildConfigurations = (
				DC311AFD18668B65001BCDB2 /* Debug */,
				DC311AFE18668B65001BCDB2 /* Release */,
			);
			defaultConfigurationIsVisible = 0;
			defaultConfigurationName = Release;
		};
		DC311AFF18668B65001BCDB2 /* Build configuration list for PBXNativeTarget "TESTanadig" */ = {
			isa = XCConfigurationList;
			buildConfigurations = (
				DC311B0018668B65001BCDB2 /* Debug */,
				DC311B0118668B65001BCDB2 /* Release */,
			);
			defaultConfigurationIsVisible = 0;
			defaultConfigurationName = Release;
		};
		DC311B0218668B65001BCDB2 /* Build configuration list for PBXNativeTarget "TESTanadigTests" */ = {
			isa = XCConfigurationList;
			buildConfigurations = (
				DC311B0318668B65001BCDB2 /* Debug */,
				DC311B0418668B65001BCDB2 /* Release */,
			);
			defaultConfigurationIsVisible = 0;
			defaultConfigurationName = Release;
		};
/* End XCConfigurationList section */
	};
	rootObject = DC311AC218668B65001BCDB2 /* Project object */;
}
